// !$*UTF8*$!
{
	archiveVersion = 1;
	classes = {
	};
	objectVersion = 50;
	objects = {

/* Begin PBXBuildFile section */
		7E90CC342098DCA100FDCFCA /* AppDelegate.m in Sources */ = {isa = PBXBuildFile; fileRef = 7E90CC332098DCA100FDCFCA /* AppDelegate.m */; };
		7E90CC372098DCA100FDCFCA /* ViewController.m in Sources */ = {isa = PBXBuildFile; fileRef = 7E90CC362098DCA100FDCFCA /* ViewController.m */; };
		7E90CC3A2098DCA100FDCFCA /* Main.storyboard in Resources */ = {isa = PBXBuildFile; fileRef = 7E90CC382098DCA100FDCFCA /* Main.storyboard */; };
		7E90CC3C2098DCA200FDCFCA /* Assets.xcassets in Resources */ = {isa = PBXBuildFile; fileRef = 7E90CC3B2098DCA200FDCFCA /* Assets.xcassets */; };
		7E90CC3F2098DCA200FDCFCA /* LaunchScreen.storyboard in Resources */ = {isa = PBXBuildFile; fileRef = 7E90CC3D2098DCA200FDCFCA /* LaunchScreen.storyboard */; };
		7E90CC422098DCA200FDCFCA /* main.m in Sources */ = {isa = PBXBuildFile; fileRef = 7E90CC412098DCA200FDCFCA /* main.m */; };
		7E90CC4C2098DCA200FDCFCA /* EnablingObjectsTests.m in Sources */ = {isa = PBXBuildFile; fileRef = 7E90CC4B2098DCA200FDCFCA /* EnablingObjectsTests.m */; };
		7E90CC572098DCA200FDCFCA /* EnablingObjectsUITests.m in Sources */ = {isa = PBXBuildFile; fileRef = 7E90CC562098DCA200FDCFCA /* EnablingObjectsUITests.m */; };
/* End PBXBuildFile section */

/* Begin PBXContainerItemProxy section */
		7E90CC482098DCA200FDCFCA /* PBXContainerItemProxy */ = {
			isa = PBXContainerItemProxy;
			containerPortal = 7E90CC272098DCA100FDCFCA /* Project object */;
			proxyType = 1;
			remoteGlobalIDString = 7E90CC2E2098DCA100FDCFCA;
			remoteInfo = EnablingObjects;
		};
		7E90CC532098DCA200FDCFCA /* PBXContainerItemProxy */ = {
			isa = PBXContainerItemProxy;
			containerPortal = 7E90CC272098DCA100FDCFCA /* Project object */;
			proxyType = 1;
			remoteGlobalIDString = 7E90CC2E2098DCA100FDCFCA;
			remoteInfo = EnablingObjects;
		};
/* End PBXContainerItemProxy section */

/* Begin PBXFileReference section */
		7E90CC2F2098DCA100FDCFCA /* EnablingObjects.app */ = {isa = PBXFileReference; explicitFileType = wrapper.application; includeInIndex = 0; path = EnablingObjects.app; sourceTree = BUILT_PRODUCTS_DIR; };
		7E90CC322098DCA100FDCFCA /* AppDelegate.h */ = {isa = PBXFileReference; lastKnownFileType = sourcecode.c.h; path = AppDelegate.h; sourceTree = "<group>"; };
		7E90CC332098DCA100FDCFCA /* AppDelegate.m */ = {isa = PBXFileReference; lastKnownFileType = sourcecode.c.objc; path = AppDelegate.m; sourceTree = "<group>"; };
		7E90CC352098DCA100FDCFCA /* ViewController.h */ = {isa = PBXFileReference; lastKnownFileType = sourcecode.c.h; path = ViewController.h; sourceTree = "<group>"; };
		7E90CC362098DCA100FDCFCA /* ViewController.m */ = {isa = PBXFileReference; lastKnownFileType = sourcecode.c.objc; path = ViewController.m; sourceTree = "<group>"; };
		7E90CC392098DCA100FDCFCA /* Base */ = {isa = PBXFileReference; lastKnownFileType = file.storyboard; name = Base; path = Base.lproj/Main.storyboard; sourceTree = "<group>"; };
		7E90CC3B2098DCA200FDCFCA /* Assets.xcassets */ = {isa = PBXFileReference; lastKnownFileType = folder.assetcatalog; path = Assets.xcassets; sourceTree = "<group>"; };
		7E90CC3E2098DCA200FDCFCA /* Base */ = {isa = PBXFileReference; lastKnownFileType = file.storyboard; name = Base; path = Base.lproj/LaunchScreen.storyboard; sourceTree = "<group>"; };
		7E90CC402098DCA200FDCFCA /* Info.plist */ = {isa = PBXFileReference; lastKnownFileType = text.plist.xml; path = Info.plist; sourceTree = "<group>"; };
		7E90CC412098DCA200FDCFCA /* main.m */ = {isa = PBXFileReference; lastKnownFileType = sourcecode.c.objc; path = main.m; sourceTree = "<group>"; };
		7E90CC472098DCA200FDCFCA /* EnablingObjectsTests.xctest */ = {isa = PBXFileReference; explicitFileType = wrapper.cfbundle; includeInIndex = 0; path = EnablingObjectsTests.xctest; sourceTree = BUILT_PRODUCTS_DIR; };
		7E90CC4B2098DCA200FDCFCA /* EnablingObjectsTests.m */ = {isa = PBXFileReference; lastKnownFileType = sourcecode.c.objc; path = EnablingObjectsTests.m; sourceTree = "<group>"; };
		7E90CC4D2098DCA200FDCFCA /* Info.plist */ = {isa = PBXFileReference; lastKnownFileType = text.plist.xml; path = Info.plist; sourceTree = "<group>"; };
		7E90CC522098DCA200FDCFCA /* EnablingObjectsUITests.xctest */ = {isa = PBXFileReference; explicitFileType = wrapper.cfbundle; includeInIndex = 0; path = EnablingObjectsUITests.xctest; sourceTree = BUILT_PRODUCTS_DIR; };
		7E90CC562098DCA200FDCFCA /* EnablingObjectsUITests.m */ = {isa = PBXFileReference; lastKnownFileType = sourcecode.c.objc; path = EnablingObjectsUITests.m; sourceTree = "<group>"; };
		7E90CC582098DCA200FDCFCA /* Info.plist */ = {isa = PBXFileReference; lastKnownFileType = text.plist.xml; path = Info.plist; sourceTree = "<group>"; };
/* End PBXFileReference section */

/* Begin PBXFrameworksBuildPhase section */
		7E90CC2C2098DCA100FDCFCA /* Frameworks */ = {
			isa = PBXFrameworksBuildPhase;
			buildActionMask = 2147483647;
			files = (
			);
			runOnlyForDeploymentPostprocessing = 0;
		};
		7E90CC442098DCA200FDCFCA /* Frameworks */ = {
			isa = PBXFrameworksBuildPhase;
			buildActionMask = 2147483647;
			files = (
			);
			runOnlyForDeploymentPostprocessing = 0;
		};
		7E90CC4F2098DCA200FDCFCA /* Frameworks */ = {
			isa = PBXFrameworksBuildPhase;
			buildActionMask = 2147483647;
			files = (
			);
			runOnlyForDeploymentPostprocessing = 0;
		};
/* End PBXFrameworksBuildPhase section */

/* Begin PBXGroup section */
		7E90CC262098DCA100FDCFCA = {
			isa = PBXGroup;
			children = (
				7E90CC312098DCA100FDCFCA /* EnablingObjects */,
				7E90CC4A2098DCA200FDCFCA /* EnablingObjectsTests */,
				7E90CC552098DCA200FDCFCA /* EnablingObjectsUITests */,
				7E90CC302098DCA100FDCFCA /* Products */,
			);
			sourceTree = "<group>";
		};
		7E90CC302098DCA100FDCFCA /* Products */ = {
			isa = PBXGroup;
			children = (
				7E90CC2F2098DCA100FDCFCA /* EnablingObjects.app */,
				7E90CC472098DCA200FDCFCA /* EnablingObjectsTests.xctest */,
				7E90CC522098DCA200FDCFCA /* EnablingObjectsUITests.xctest */,
			);
			name = Products;
			sourceTree = "<group>";
		};
		7E90CC312098DCA100FDCFCA /* EnablingObjects */ = {
			isa = PBXGroup;
			children = (
				7E90CC322098DCA100FDCFCA /* AppDelegate.h */,
				7E90CC332098DCA100FDCFCA /* AppDelegate.m */,
				7E90CC352098DCA100FDCFCA /* ViewController.h */,
				7E90CC362098DCA100FDCFCA /* ViewController.m */,
				7E90CC382098DCA100FDCFCA /* Main.storyboard */,
				7E90CC3B2098DCA200FDCFCA /* Assets.xcassets */,
				7E90CC3D2098DCA200FDCFCA /* LaunchScreen.storyboard */,
				7E90CC402098DCA200FDCFCA /* Info.plist */,
				7E90CC412098DCA200FDCFCA /* main.m */,
			);
			path = EnablingObjects;
			sourceTree = "<group>";
		};
		7E90CC4A2098DCA200FDCFCA /* EnablingObjectsTests */ = {
			isa = PBXGroup;
			children = (
				7E90CC4B2098DCA200FDCFCA /* EnablingObjectsTests.m */,
				7E90CC4D2098DCA200FDCFCA /* Info.plist */,
			);
			path = EnablingObjectsTests;
			sourceTree = "<group>";
		};
		7E90CC552098DCA200FDCFCA /* EnablingObjectsUITests */ = {
			isa = PBXGroup;
			children = (
				7E90CC562098DCA200FDCFCA /* EnablingObjectsUITests.m */,
				7E90CC582098DCA200FDCFCA /* Info.plist */,
			);
			path = EnablingObjectsUITests;
			sourceTree = "<group>";
		};
/* End PBXGroup section */

/* Begin PBXNativeTarget section */
		7E90CC2E2098DCA100FDCFCA /* EnablingObjects */ = {
			isa = PBXNativeTarget;
			buildConfigurationList = 7E90CC5B2098DCA200FDCFCA /* Build configuration list for PBXNativeTarget "EnablingObjects" */;
			buildPhases = (
				7E90CC2B2098DCA100FDCFCA /* Sources */,
				7E90CC2C2098DCA100FDCFCA /* Frameworks */,
				7E90CC2D2098DCA100FDCFCA /* Resources */,
			);
			buildRules = (
			);
			dependencies = (
			);
			name = EnablingObjects;
			productName = EnablingObjects;
			productReference = 7E90CC2F2098DCA100FDCFCA /* EnablingObjects.app */;
			productType = "com.apple.product-type.application";
		};
		7E90CC462098DCA200FDCFCA /* EnablingObjectsTests */ = {
			isa = PBXNativeTarget;
			buildConfigurationList = 7E90CC5E2098DCA200FDCFCA /* Build configuration list for PBXNativeTarget "EnablingObjectsTests" */;
			buildPhases = (
				7E90CC432098DCA200FDCFCA /* Sources */,
				7E90CC442098DCA200FDCFCA /* Frameworks */,
				7E90CC452098DCA200FDCFCA /* Resources */,
			);
			buildRules = (
			);
			dependencies = (
				7E90CC492098DCA200FDCFCA /* PBXTargetDependency */,
			);
			name = EnablingObjectsTests;
			productName = EnablingObjectsTests;
			productReference = 7E90CC472098DCA200FDCFCA /* EnablingObjectsTests.xctest */;
			productType = "com.apple.product-type.bundle.unit-test";
		};
		7E90CC512098DCA200FDCFCA /* EnablingObjectsUITests */ = {
			isa = PBXNativeTarget;
			buildConfigurationList = 7E90CC612098DCA200FDCFCA /* Build configuration list for PBXNativeTarget "EnablingObjectsUITests" */;
			buildPhases = (
				7E90CC4E2098DCA200FDCFCA /* Sources */,
				7E90CC4F2098DCA200FDCFCA /* Frameworks */,
				7E90CC502098DCA200FDCFCA /* Resources */,
			);
			buildRules = (
			);
			dependencies = (
				7E90CC542098DCA200FDCFCA /* PBXTargetDependency */,
			);
			name = EnablingObjectsUITests;
			productName = EnablingObjectsUITests;
			productReference = 7E90CC522098DCA200FDCFCA /* EnablingObjectsUITests.xctest */;
			productType = "com.apple.product-type.bundle.ui-testing";
		};
/* End PBXNativeTarget section */

/* Begin PBXProject section */
		7E90CC272098DCA100FDCFCA /* Project object */ = {
			isa = PBXProject;
			attributes = {
				LastUpgradeCheck = 0930;
				ORGANIZATIONNAME = SBT;
				TargetAttributes = {
					7E90CC2E2098DCA100FDCFCA = {
						CreatedOnToolsVersion = 9.3;
					};
					7E90CC462098DCA200FDCFCA = {
						CreatedOnToolsVersion = 9.3;
						TestTargetID = 7E90CC2E2098DCA100FDCFCA;
					};
					7E90CC512098DCA200FDCFCA = {
						CreatedOnToolsVersion = 9.3;
						TestTargetID = 7E90CC2E2098DCA100FDCFCA;
					};
				};
			};
			buildConfigurationList = 7E90CC2A2098DCA100FDCFCA /* Build configuration list for PBXProject "EnablingObjects" */;
			compatibilityVersion = "Xcode 9.3";
			developmentRegion = en;
			hasScannedForEncodings = 0;
			knownRegions = (
				en,
				Base,
			);
			mainGroup = 7E90CC262098DCA100FDCFCA;
			productRefGroup = 7E90CC302098DCA100FDCFCA /* Products */;
			projectDirPath = "";
			projectRoot = "";
			targets = (
				7E90CC2E2098DCA100FDCFCA /* EnablingObjects */,
				7E90CC462098DCA200FDCFCA /* EnablingObjectsTests */,
				7E90CC512098DCA200FDCFCA /* EnablingObjectsUITests */,
			);
		};
/* End PBXProject section */

/* Begin PBXResourcesBuildPhase section */
		7E90CC2D2098DCA100FDCFCA /* Resources */ = {
			isa = PBXResourcesBuildPhase;
			buildActionMask = 2147483647;
			files = (
				7E90CC3F2098DCA200FDCFCA /* LaunchScreen.storyboard in Resources */,
				7E90CC3C2098DCA200FDCFCA /* Assets.xcassets in Resources */,
				7E90CC3A2098DCA100FDCFCA /* Main.storyboard in Resources */,
			);
			runOnlyForDeploymentPostprocessing = 0;
		};
		7E90CC452098DCA200FDCFCA /* Resources */ = {
			isa = PBXResourcesBuildPhase;
			buildActionMask = 2147483647;
			files = (
			);
			runOnlyForDeploymentPostprocessing = 0;
		};
		7E90CC502098DCA200FDCFCA /* Resources */ = {
			isa = PBXResourcesBuildPhase;
			buildActionMask = 2147483647;
			files = (
			);
			runOnlyForDeploymentPostprocessing = 0;
		};
/* End PBXResourcesBuildPhase section */

/* Begin PBXSourcesBuildPhase section */
		7E90CC2B2098DCA100FDCFCA /* Sources */ = {
			isa = PBXSourcesBuildPhase;
			buildActionMask = 2147483647;
			files = (
				7E90CC372098DCA100FDCFCA /* ViewController.m in Sources */,
				7E90CC422098DCA200FDCFCA /* main.m in Sources */,
				7E90CC342098DCA100FDCFCA /* AppDelegate.m in Sources */,
			);
			runOnlyForDeploymentPostprocessing = 0;
		};
		7E90CC432098DCA200FDCFCA /* Sources */ = {
			isa = PBXSourcesBuildPhase;
			buildActionMask = 2147483647;
			files = (
				7E90CC4C2098DCA200FDCFCA /* EnablingObjectsTests.m in Sources */,
			);
			runOnlyForDeploymentPostprocessing = 0;
		};
		7E90CC4E2098DCA200FDCFCA /* Sources */ = {
			isa = PBXSourcesBuildPhase;
			buildActionMask = 2147483647;
			files = (
				7E90CC572098DCA200FDCFCA /* EnablingObjectsUITests.m in Sources */,
			);
			runOnlyForDeploymentPostprocessing = 0;
		};
/* End PBXSourcesBuildPhase section */

/* Begin PBXTargetDependency section */
		7E90CC492098DCA200FDCFCA /* PBXTargetDependency */ = {
			isa = PBXTargetDependency;
			target = 7E90CC2E2098DCA100FDCFCA /* EnablingObjects */;
			targetProxy = 7E90CC482098DCA200FDCFCA /* PBXContainerItemProxy */;
		};
		7E90CC542098DCA200FDCFCA /* PBXTargetDependency */ = {
			isa = PBXTargetDependency;
			target = 7E90CC2E2098DCA100FDCFCA /* EnablingObjects */;
			targetProxy = 7E90CC532098DCA200FDCFCA /* PBXContainerItemProxy */;
		};
/* End PBXTargetDependency section */

/* Begin PBXVariantGroup section */
		7E90CC382098DCA100FDCFCA /* Main.storyboard */ = {
			isa = PBXVariantGroup;
			children = (
				7E90CC392098DCA100FDCFCA /* Base */,
			);
			name = Main.storyboard;
			sourceTree = "<group>";
		};
		7E90CC3D2098DCA200FDCFCA /* LaunchScreen.storyboard */ = {
			isa = PBXVariantGroup;
			children = (
				7E90CC3E2098DCA200FDCFCA /* Base */,
			);
			name = LaunchScreen.storyboard;
			sourceTree = "<group>";
		};
/* End PBXVariantGroup section */

/* Begin XCBuildConfiguration section */
		7E90CC592098DCA200FDCFCA /* Debug */ = {
			isa = XCBuildConfiguration;
			buildSettings = {
				ALWAYS_SEARCH_USER_PATHS = NO;
				CLANG_ANALYZER_NONNULL = YES;
				CLANG_ANALYZER_NUMBER_OBJECT_CONVERSION = YES_AGGRESSIVE;
				CLANG_CXX_LANGUAGE_STANDARD = "gnu++14";
				CLANG_CXX_LIBRARY = "libc++";
				CLANG_ENABLE_MODULES = YES;
				CLANG_ENABLE_OBJC_ARC = YES;
				CLANG_ENABLE_OBJC_WEAK = YES;
				CLANG_WARN_BLOCK_CAPTURE_AUTORELEASING = YES;
				CLANG_WARN_BOOL_CONVERSION = YES;
				CLANG_WARN_COMMA = YES;
				CLANG_WARN_CONSTANT_CONVERSION = YES;
				CLANG_WARN_DEPRECATED_OBJC_IMPLEMENTATIONS = YES;
				CLANG_WARN_DIRECT_OBJC_ISA_USAGE = YES_ERROR;
				CLANG_WARN_DOCUMENTATION_COMMENTS = YES;
				CLANG_WARN_EMPTY_BODY = YES;
				CLANG_WARN_ENUM_CONVERSION = YES;
				CLANG_WARN_INFINITE_RECURSION = YES;
				CLANG_WARN_INT_CONVERSION = YES;
				CLANG_WARN_NON_LITERAL_NULL_CONVERSION = YES;
				CLANG_WARN_OBJC_IMPLICIT_RETAIN_SELF = YES;
				CLANG_WARN_OBJC_LITERAL_CONVERSION = YES;
				CLANG_WARN_OBJC_ROOT_CLASS = YES_ERROR;
				CLANG_WARN_RANGE_LOOP_ANALYSIS = YES;
				CLANG_WARN_STRICT_PROTOTYPES = YES;
				CLANG_WARN_SUSPICIOUS_MOVE = YES;
				CLANG_WARN_UNGUARDED_AVAILABILITY = YES_AGGRESSIVE;
				CLANG_WARN_UNREACHABLE_CODE = YES;
				CLANG_WARN__DUPLICATE_METHOD_MATCH = YES;
				CODE_SIGN_IDENTITY = "iPhone Developer";
				COPY_PHASE_STRIP = NO;
				DEBUG_INFORMATION_FORMAT = dwarf;
				ENABLE_STRICT_OBJC_MSGSEND = YES;
				ENABLE_TESTABILITY = YES;
				GCC_C_LANGUAGE_STANDARD = gnu11;
				GCC_DYNAMIC_NO_PIC = NO;
				GCC_NO_COMMON_BLOCKS = YES;
				GCC_OPTIMIZATION_LEVEL = 0;
				GCC_PREPROCESSOR_DEFINITIONS = (
					"DEBUG=1",
					"$(inherited)",
				);
				GCC_WARN_64_TO_32_BIT_CONVERSION = YES;
				GCC_WARN_ABOUT_RETURN_TYPE = YES_ERROR;
				GCC_WARN_UNDECLARED_SELECTOR = YES;
				GCC_WARN_UNINITIALIZED_AUTOS = YES_AGGRESSIVE;
				GCC_WARN_UNUSED_FUNCTION = YES;
				GCC_WARN_UNUSED_VARIABLE = YES;
				IPHONEOS_DEPLOYMENT_TARGET = 11.3;
				MTL_ENABLE_DEBUG_INFO = YES;
				ONLY_ACTIVE_ARCH = YES;
				SDKROOT = iphoneos;
			};
			name = Debug;
		};
		7E90CC5A2098DCA200FDCFCA /* Release */ = {
			isa = XCBuildConfiguration;
			buildSettings = {
				ALWAYS_SEARCH_USER_PATHS = NO;
				CLANG_ANALYZER_NONNULL = YES;
				CLANG_ANALYZER_NUMBER_OBJECT_CONVERSION = YES_AGGRESSIVE;
				CLANG_CXX_LANGUAGE_STANDARD = "gnu++14";
				CLANG_CXX_LIBRARY = "libc++";
				CLANG_ENABLE_MODULES = YES;
				CLANG_ENABLE_OBJC_ARC = YES;
				CLANG_ENABLE_OBJC_WEAK = YES;
				CLANG_WARN_BLOCK_CAPTURE_AUTORELEASING = YES;
				CLANG_WARN_BOOL_CONVERSION = YES;
				CLANG_WARN_COMMA = YES;
				CLANG_WARN_CONSTANT_CONVERSION = YES;
				CLANG_WARN_DEPRECATED_OBJC_IMPLEMENTATIONS = YES;
				CLANG_WARN_DIRECT_OBJC_ISA_USAGE = YES_ERROR;
				CLANG_WARN_DOCUMENTATION_COMMENTS = YES;
				CLANG_WARN_EMPTY_BODY = YES;
				CLANG_WARN_ENUM_CONVERSION = YES;
				CLANG_WARN_INFINITE_RECURSION = YES;
				CLANG_WARN_INT_CONVERSION = YES;
				CLANG_WARN_NON_LITERAL_NULL_CONVERSION = YES;
				CLANG_WARN_OBJC_IMPLICIT_RETAIN_SELF = YES;
				CLANG_WARN_OBJC_LITERAL_CONVERSION = YES;
				CLANG_WARN_OBJC_ROOT_CLASS = YES_ERROR;
				CLANG_WARN_RANGE_LOOP_ANALYSIS = YES;
				CLANG_WARN_STRICT_PROTOTYPES = YES;
				CLANG_WARN_SUSPICIOUS_MOVE = YES;
				CLANG_WARN_UNGUARDED_AVAILABILITY = YES_AGGRESSIVE;
				CLANG_WARN_UNREACHABLE_CODE = YES;
				CLANG_WARN__DUPLICATE_METHOD_MATCH = YES;
				CODE_SIGN_IDENTITY = "iPhone Developer";
				COPY_PHASE_STRIP = NO;
				DEBUG_INFORMATION_FORMAT = "dwarf-with-dsym";
				ENABLE_NS_ASSERTIONS = NO;
				ENABLE_STRICT_OBJC_MSGSEND = YES;
				GCC_C_LANGUAGE_STANDARD = gnu11;
				GCC_NO_COMMON_BLOCKS = YES;
				GCC_WARN_64_TO_32_BIT_CONVERSION = YES;
				GCC_WARN_ABOUT_RETURN_TYPE = YES_ERROR;
				GCC_WARN_UNDECLARED_SELECTOR = YES;
				GCC_WARN_UNINITIALIZED_AUTOS = YES_AGGRESSIVE;
				GCC_WARN_UNUSED_FUNCTION = YES;
				GCC_WARN_UNUSED_VARIABLE = YES;
				IPHONEOS_DEPLOYMENT_TARGET = 11.3;
				MTL_ENABLE_DEBUG_INFO = NO;
				SDKROOT = iphoneos;
				VALIDATE_PRODUCT = YES;
			};
			name = Release;
		};
		7E90CC5C2098DCA200FDCFCA /* Debug */ = {
			isa = XCBuildConfiguration;
			buildSettings = {
				ASSETCATALOG_COMPILER_APPICON_NAME = AppIcon;
				CODE_SIGN_STYLE = Automatic;
				DEVELOPMENT_TEAM = ZKNT78S249;
				INFOPLIST_FILE = EnablingObjects/Info.plist;
				LD_RUNPATH_SEARCH_PATHS = (
					"$(inherited)",
					"@executable_path/Frameworks",
				);
				PRODUCT_BUNDLE_IDENTIFIER = ru.sberbank.EnablingObjects;
				PRODUCT_NAME = "$(TARGET_NAME)";
				TARGETED_DEVICE_FAMILY = "1,2";
			};
			name = Debug;
		};
		7E90CC5D2098DCA200FDCFCA /* Release */ = {
			isa = XCBuildConfiguration;
			buildSettings = {
				ASSETCATALOG_COMPILER_APPICON_NAME = AppIcon;
				CODE_SIGN_STYLE = Automatic;
				DEVELOPMENT_TEAM = ZKNT78S249;
				INFOPLIST_FILE = EnablingObjects/Info.plist;
				LD_RUNPATH_SEARCH_PATHS = (
					"$(inherited)",
					"@executable_path/Frameworks",
				);
				PRODUCT_BUNDLE_IDENTIFIER = ru.sberbank.EnablingObjects;
				PRODUCT_NAME = "$(TARGET_NAME)";
				TARGETED_DEVICE_FAMILY = "1,2";
			};
			name = Release;
		};
		7E90CC5F2098DCA200FDCFCA /* Debug */ = {
			isa = XCBuildConfiguration;
			buildSettings = {
				BUNDLE_LOADER = "$(TEST_HOST)";
				CODE_SIGN_STYLE = Automatic;
				DEVELOPMENT_TEAM = ZKNT78S249;
				INFOPLIST_FILE = EnablingObjectsTests/Info.plist;
				LD_RUNPATH_SEARCH_PATHS = (
					"$(inherited)",
					"@executable_path/Frameworks",
					"@loader_path/Frameworks",
				);
				PRODUCT_BUNDLE_IDENTIFIER = ru.sberbank.EnablingObjectsTests;
				PRODUCT_NAME = "$(TARGET_NAME)";
				TARGETED_DEVICE_FAMILY = "1,2";
				TEST_HOST = "$(BUILT_PRODUCTS_DIR)/EnablingObjects.app/EnablingObjects";
			};
			name = Debug;
		};
		7E90CC602098DCA200FDCFCA /* Release */ = {
			isa = XCBuildConfiguration;
			buildSettings = {
				BUNDLE_LOADER = "$(TEST_HOST)";
				CODE_SIGN_STYLE = Automatic;
				DEVELOPMENT_TEAM = ZKNT78S249;
				INFOPLIST_FILE = EnablingObjectsTests/Info.plist;
				LD_RUNPATH_SEARCH_PATHS = (
					"$(inherited)",
					"@executable_path/Frameworks",
					"@loader_path/Frameworks",
				);
				PRODUCT_BUNDLE_IDENTIFIER = ru.sberbank.EnablingObjectsTests;
				PRODUCT_NAME = "$(TARGET_NAME)";
				TARGETED_DEVICE_FAMILY = "1,2";
				TEST_HOST = "$(BUILT_PRODUCTS_DIR)/EnablingObjects.app/EnablingObjects";
			};
			name = Release;
		};
		7E90CC622098DCA200FDCFCA /* Debug */ = {
			isa = XCBuildConfiguration;
			buildSettings = {
				CODE_SIGN_STYLE = Automatic;
				DEVELOPMENT_TEAM = ZKNT78S249;
				INFOPLIST_FILE = EnablingObjectsUITests/Info.plist;
				LD_RUNPATH_SEARCH_PATHS = (
					"$(inherited)",
					"@executable_path/Frameworks",
					"@loader_path/Frameworks",
				);
				PRODUCT_BUNDLE_IDENTIFIER = ru.sberbank.EnablingObjectsUITests;
				PRODUCT_NAME = "$(TARGET_NAME)";
				TARGETED_DEVICE_FAMILY = "1,2";
				TEST_TARGET_NAME = EnablingObjects;
			};
			name = Debug;
		};
		7E90CC632098DCA200FDCFCA /* Release */ = {
			isa = XCBuildConfiguration;
			buildSettings = {
				CODE_SIGN_STYLE = Automatic;
				DEVELOPMENT_TEAM = ZKNT78S249;
				INFOPLIST_FILE = EnablingObjectsUITests/Info.plist;
				LD_RUNPATH_SEARCH_PATHS = (
					"$(inherited)",
					"@executable_path/Frameworks",
					"@loader_path/Frameworks",
				);
				PRODUCT_BUNDLE_IDENTIFIER = ru.sberbank.EnablingObjectsUITests;
				PRODUCT_NAME = "$(TARGET_NAME)";
				TARGETED_DEVICE_FAMILY = "1,2";
				TEST_TARGET_NAME = EnablingObjects;
			};
			name = Release;
		};
/* End XCBuildConfiguration section */

/* Begin XCConfigurationList section */
		7E90CC2A2098DCA100FDCFCA /* Build configuration list for PBXProject "EnablingObjects" */ = {
			isa = XCConfigurationList;
			buildConfigurations = (
				7E90CC592098DCA200FDCFCA /* Debug */,
				7E90CC5A2098DCA200FDCFCA /* Release */,
			);
			defaultConfigurationIsVisible = 0;
			defaultConfigurationName = Release;
		};
		7E90CC5B2098DCA200FDCFCA /* Build configuration list for PBXNativeTarget "EnablingObjects" */ = {
			isa = XCConfigurationList;
			buildConfigurations = (
				7E90CC5C2098DCA200FDCFCA /* Debug */,
				7E90CC5D2098DCA200FDCFCA /* Release */,
			);
			defaultConfigurationIsVisible = 0;
			defaultConfigurationName = Release;
		};
		7E90CC5E2098DCA200FDCFCA /* Build configuration list for PBXNativeTarget "EnablingObjectsTests" */ = {
			isa = XCConfigurationList;
			buildConfigurations = (
				7E90CC5F2098DCA200FDCFCA /* Debug */,
				7E90CC602098DCA200FDCFCA /* Release */,
			);
			defaultConfigurationIsVisible = 0;
			defaultConfigurationName = Release;
		};
		7E90CC612098DCA200FDCFCA /* Build configuration list for PBXNativeTarget "EnablingObjectsUITests" */ = {
			isa = XCConfigurationList;
			buildConfigurations = (
				7E90CC622098DCA200FDCFCA /* Debug */,
				7E90CC632098DCA200FDCFCA /* Release */,
			);
			defaultConfigurationIsVisible = 0;
			defaultConfigurationName = Release;
		};
/* End XCConfigurationList section */
	};
	rootObject = 7E90CC272098DCA100FDCFCA /* Project object */;
}
